
Microsoft Visual Studio Solution File, Format Version 12.00
# Visual Studio Version 16
VisualStudioVersion = 16.0.31205.134
MinimumVisualStudioVersion = 10.0.40219.1
Project("{FAE04EC0-301F-11D3-BF4B-00C04F79EFBC}") = "Jogo da Velha", "Jogo da Velha\Jogo da Velha.csproj", "{BBD1B0A9-73ED-4F6C-B8F0-62F16DA73A47}"
EndProject
Global
	GlobalSection(SolutionConfigurationPlatforms) = preSolution
		Debug|Any CPU = Debug|Any CPU
		Release|Any CPU = Release|Any CPU
	EndGlobalSection
	GlobalSection(ProjectConfigurationPlatforms) = postSolution
		{BBD1B0A9-73ED-4F6C-B8F0-62F16DA73A47}.Debug|Any CPU.ActiveCfg = Debug|Any CPU
		{BBD1B0A9-73ED-4F6C-B8F0-62F16DA73A47}.Debug|Any CPU.Build.0 = Debug|Any CPU
		{BBD1B0A9-73ED-4F6C-B8F0-62F16DA73A47}.Release|Any CPU.ActiveCfg = Release|Any CPU
		{BBD1B0A9-73ED-4F6C-B8F0-62F16DA73A47}.Release|Any CPU.Build.0 = Release|Any CPU
	EndGlobalSection
	GlobalSection(SolutionProperties) = preSolution
		HideSolutionNode = FALSE
	EndGlobalSection
	GlobalSection(ExtensibilityGlobals) = postSolution
		SolutionGuid = {523F9A62-13DA-406E-AC13-F40C9D4B8A3E}
	EndGlobalSection
EndGlobal
